{
  "name": "mentor-tree",
  "version": "1.0.0",
  "lockfileVersion": 2,
  "requires": true,
  "packages": {
    "": {
      "name": "mentor-tree",
      "version": "1.0.0",
      "license": "ISC",
      "dependencies": {
        "d3-hierarchy": "^3.1.1"
      }
    },
    "node_modules/d3-hierarchy": {
      "version": "3.1.1",
      "resolved": "https://registry.npmjs.org/d3-hierarchy/-/d3-hierarchy-3.1.1.tgz",
      "integrity": "sha512-LtAIu54UctRmhGKllleflmHalttH3zkfSi4NlKrTAoFKjC+AFBJohsCAdgCBYQwH0F8hIOGY89X1pPqAchlMkA==",
      "engines": {
        "node": ">=12"
      }
    }
  },
  "dependencies": {
    "d3-hierarchy": {
      "version": "3.1.1",
      "resolved": "https://registry.npmjs.org/d3-hierarchy/-/d3-hierarchy-3.1.1.tgz",
      "integrity": "sha512-LtAIu54UctRmhGKllleflmHalttH3zkfSi4NlKrTAoFKjC+AFBJohsCAdgCBYQwH0F8hIOGY89X1pPqAchlMkA=="
    }
  }
}
